
Microsoft Visual Studio Solution File, Format Version 12.00
# Visual Studio Version 16
VisualStudioVersion = 16.0.32901.82
MinimumVisualStudioVersion = 10.0.40219.1
Project("{FAE04EC0-301F-11D3-BF4B-00C04F79EFBC}") = "MangaReader.Android", "MangaReader.Android\MangaReader.Android.csproj", "{2D2978C1-989A-4671-B071-60B36E2055C6}"
EndProject
Project("{FAE04EC0-301F-11D3-BF4B-00C04F79EFBC}") = "MangaReader.iOS", "MangaReader.iOS\MangaReader.iOS.csproj", "{05A04BE9-387A-4A7B-9AED-53DAD60D386C}"
EndProject
Project("{FAE04EC0-301F-11D3-BF4B-00C04F79EFBC}") = "MangaReader", "MangaReader\MangaReader.csproj", "{6FEC1BCC-7EE3-4661-8A14-72D4B16D96EE}"
EndProject
Global
	GlobalSection(SolutionConfigurationPlatforms) = preSolution
		Debug|Any CPU = Debug|Any CPU
		Debug|iPhone = Debug|iPhone
		Debug|iPhoneSimulator = Debug|iPhoneSimulator
		Release|Any CPU = Release|Any CPU
		Release|iPhone = Release|iPhone
		Release|iPhoneSimulator = Release|iPhoneSimulator
	EndGlobalSection
	GlobalSection(ProjectConfigurationPlatforms) = postSolution
		{2D2978C1-989A-4671-B071-60B36E2055C6}.Debug|Any CPU.ActiveCfg = Debug|Any CPU
		{2D2978C1-989A-4671-B071-60B36E2055C6}.Debug|Any CPU.Build.0 = Debug|Any CPU
		{2D2978C1-989A-4671-B071-60B36E2055C6}.Debug|Any CPU.Deploy.0 = Debug|Any CPU
		{2D2978C1-989A-4671-B071-60B36E2055C6}.Debug|iPhone.ActiveCfg = Debug|Any CPU
		{2D2978C1-989A-4671-B071-60B36E2055C6}.Debug|iPhone.Build.0 = Debug|Any CPU
		{2D2978C1-989A-4671-B071-60B36E2055C6}.Debug|iPhone.Deploy.0 = Debug|Any CPU
		{2D2978C1-989A-4671-B071-60B36E2055C6}.Debug|iPhoneSimulator.ActiveCfg = Debug|Any CPU
		{2D2978C1-989A-4671-B071-60B36E2055C6}.Debug|iPhoneSimulator.Build.0 = Debug|Any CPU
		{2D2978C1-989A-4671-B071-60B36E2055C6}.Debug|iPhoneSimulator.Deploy.0 = Debug|Any CPU
		{2D2978C1-989A-4671-B071-60B36E2055C6}.Release|Any CPU.ActiveCfg = Release|Any CPU
		{2D2978C1-989A-4671-B071-60B36E2055C6}.Release|Any CPU.Build.0 = Release|Any CPU
		{2D2978C1-989A-4671-B071-60B36E2055C6}.Release|Any CPU.Deploy.0 = Release|Any CPU
		{2D2978C1-989A-4671-B071-60B36E2055C6}.Release|iPhone.ActiveCfg = Release|Any CPU
		{2D2978C1-989A-4671-B071-60B36E2055C6}.Release|iPhone.Build.0 = Release|Any CPU
		{2D2978C1-989A-4671-B071-60B36E2055C6}.Release|iPhone.Deploy.0 = Release|Any CPU
		{2D2978C1-989A-4671-B071-60B36E2055C6}.Release|iPhoneSimulator.ActiveCfg = Release|Any CPU
		{2D2978C1-989A-4671-B071-60B36E2055C6}.Release|iPhoneSimulator.Build.0 = Release|Any CPU
		{2D2978C1-989A-4671-B071-60B36E2055C6}.Release|iPhoneSimulator.Deploy.0 = Release|Any CPU
		{05A04BE9-387A-4A7B-9AED-53DAD60D386C}.Debug|Any CPU.ActiveCfg = Debug|iPhone
		{05A04BE9-387A-4A7B-9AED-53DAD60D386C}.Debug|Any CPU.Build.0 = Debug|iPhone
		{05A04BE9-387A-4A7B-9AED-53DAD60D386C}.Debug|Any CPU.Deploy.0 = Debug|iPhone
		{05A04BE9-387A-4A7B-9AED-53DAD60D386C}.Debug|iPhone.ActiveCfg = Debug|iPhone
		{05A04BE9-387A-4A7B-9AED-53DAD60D386C}.Debug|iPhone.Build.0 = Debug|iPhone
		{05A04BE9-387A-4A7B-9AED-53DAD60D386C}.Debug|iPhone.Deploy.0 = Debug|iPhone
		{05A04BE9-387A-4A7B-9AED-53DAD60D386C}.Debug|iPhoneSimulator.ActiveCfg = Debug|iPhoneSimulator
		{05A04BE9-387A-4A7B-9AED-53DAD60D386C}.Debug|iPhoneSimulator.Build.0 = Debug|iPhoneSimulator
		{05A04BE9-387A-4A7B-9AED-53DAD60D386C}.Debug|iPhoneSimulator.Deploy.0 = Debug|iPhoneSimulator
		{05A04BE9-387A-4A7B-9AED-53DAD60D386C}.Release|Any CPU.ActiveCfg = Release|iPhoneSimulator
		{05A04BE9-387A-4A7B-9AED-53DAD60D386C}.Release|Any CPU.Build.0 = Release|iPhoneSimulator
		{05A04BE9-387A-4A7B-9AED-53DAD60D386C}.Release|Any CPU.Deploy.0 = Release|iPhoneSimulator
		{05A04BE9-387A-4A7B-9AED-53DAD60D386C}.Release|iPhone.ActiveCfg = Release|iPhone
		{05A04BE9-387A-4A7B-9AED-53DAD60D386C}.Release|iPhone.Build.0 = Release|iPhone
		{05A04BE9-387A-4A7B-9AED-53DAD60D386C}.Release|iPhone.Deploy.0 = Release|iPhone
		{05A04BE9-387A-4A7B-9AED-53DAD60D386C}.Release|iPhoneSimulator.ActiveCfg = Release|iPhoneSimulator
		{05A04BE9-387A-4A7B-9AED-53DAD60D386C}.Release|iPhoneSimulator.Build.0 = Release|iPhoneSimulator
		{05A04BE9-387A-4A7B-9AED-53DAD60D386C}.Release|iPhoneSimulator.Deploy.0 = Release|iPhoneSimulator
		{6FEC1BCC-7EE3-4661-8A14-72D4B16D96EE}.Debug|Any CPU.ActiveCfg = Debug|Any CPU
		{6FEC1BCC-7EE3-4661-8A14-72D4B16D96EE}.Debug|Any CPU.Build.0 = Debug|Any CPU
		{6FEC1BCC-7EE3-4661-8A14-72D4B16D96EE}.Debug|Any CPU.Deploy.0 = Debug|Any CPU
		{6FEC1BCC-7EE3-4661-8A14-72D4B16D96EE}.Debug|iPhone.ActiveCfg = Debug|Any CPU
		{6FEC1BCC-7EE3-4661-8A14-72D4B16D96EE}.Debug|iPhone.Build.0 = Debug|Any CPU
		{6FEC1BCC-7EE3-4661-8A14-72D4B16D96EE}.Debug|iPhone.Deploy.0 = Debug|Any CPU
		{6FEC1BCC-7EE3-4661-8A14-72D4B16D96EE}.Debug|iPhoneSimulator.ActiveCfg = Debug|Any CPU
		{6FEC1BCC-7EE3-4661-8A14-72D4B16D96EE}.Debug|iPhoneSimulator.Build.0 = Debug|Any CPU
		{6FEC1BCC-7EE3-4661-8A14-72D4B16D96EE}.Debug|iPhoneSimulator.Deploy.0 = Debug|Any CPU
		{6FEC1BCC-7EE3-4661-8A14-72D4B16D96EE}.Release|Any CPU.ActiveCfg = Release|Any CPU
		{6FEC1BCC-7EE3-4661-8A14-72D4B16D96EE}.Release|Any CPU.Build.0 = Release|Any CPU
		{6FEC1BCC-7EE3-4661-8A14-72D4B16D96EE}.Release|Any CPU.Deploy.0 = Release|Any CPU
		{6FEC1BCC-7EE3-4661-8A14-72D4B16D96EE}.Release|iPhone.ActiveCfg = Release|Any CPU
		{6FEC1BCC-7EE3-4661-8A14-72D4B16D96EE}.Release|iPhone.Build.0 = Release|Any CPU
		{6FEC1BCC-7EE3-4661-8A14-72D4B16D96EE}.Release|iPhone.Deploy.0 = Release|Any CPU
		{6FEC1BCC-7EE3-4661-8A14-72D4B16D96EE}.Release|iPhoneSimulator.ActiveCfg = Release|Any CPU
		{6FEC1BCC-7EE3-4661-8A14-72D4B16D96EE}.Release|iPhoneSimulator.Build.0 = Release|Any CPU
		{6FEC1BCC-7EE3-4661-8A14-72D4B16D96EE}.Release|iPhoneSimulator.Deploy.0 = Release|Any CPU
	EndGlobalSection
	GlobalSection(SolutionProperties) = preSolution
		HideSolutionNode = FALSE
	EndGlobalSection
	GlobalSection(ExtensibilityGlobals) = postSolution
		SolutionGuid = {048D3AFA-6055-4B5A-8299-619D475FD976}
	EndGlobalSection
EndGlobal
